
Microsoft Visual Studio Solution File, Format Version 12.00
# Visual Studio 15
VisualStudioVersion = 15.0.27130.2024
MinimumVisualStudioVersion = 10.0.40219.1
Project("{FAE04EC0-301F-11D3-BF4B-00C04F79EFBC}") = "ApertureDto", "nexoTiendas.Services\ApertureDto\ApertureDto.csproj", "{E1E69C21-064F-413E-99E9-F18BAD3C21DE}"
EndProject
Project("{FAE04EC0-301F-11D3-BF4B-00C04F79EFBC}") = "ClienteJsonOrden", "ClientesJson\ClienteJsonOrden\ClienteJsonOrden.csproj", "{A92EF7AC-213B-4EF6-9B56-C6BA8C1863F4}"
EndProject
Global
	GlobalSection(SolutionConfigurationPlatforms) = preSolution
		Debug|Any CPU = Debug|Any CPU
		Release|Any CPU = Release|Any CPU
	EndGlobalSection
	GlobalSection(ProjectConfigurationPlatforms) = postSolution
		{E1E69C21-064F-413E-99E9-F18BAD3C21DE}.Debug|Any CPU.ActiveCfg = Debug|Any CPU
		{E1E69C21-064F-413E-99E9-F18BAD3C21DE}.Debug|Any CPU.Build.0 = Debug|Any CPU
		{E1E69C21-064F-413E-99E9-F18BAD3C21DE}.Release|Any CPU.ActiveCfg = Release|Any CPU
		{E1E69C21-064F-413E-99E9-F18BAD3C21DE}.Release|Any CPU.Build.0 = Release|Any CPU
		{A92EF7AC-213B-4EF6-9B56-C6BA8C1863F4}.Debug|Any CPU.ActiveCfg = Debug|Any CPU
		{A92EF7AC-213B-4EF6-9B56-C6BA8C1863F4}.Debug|Any CPU.Build.0 = Debug|Any CPU
		{A92EF7AC-213B-4EF6-9B56-C6BA8C1863F4}.Release|Any CPU.ActiveCfg = Release|Any CPU
		{A92EF7AC-213B-4EF6-9B56-C6BA8C1863F4}.Release|Any CPU.Build.0 = Release|Any CPU
	EndGlobalSection
	GlobalSection(SolutionProperties) = preSolution
		HideSolutionNode = FALSE
	EndGlobalSection
	GlobalSection(ExtensibilityGlobals) = postSolution
		SolutionGuid = {1E76EB8D-D4B6-44FA-826B-A5B66FB0ECCF}
	EndGlobalSection
EndGlobal
